
Microsoft Visual Studio Solution File, Format Version 12.00
# Visual Studio Version 17
VisualStudioVersion = 17.7.34024.191
MinimumVisualStudioVersion = 10.0.40219.1
Project("{FAE04EC0-301F-11D3-BF4B-00C04F79EFBC}") = "GithubActionsStudy", "GithubActionsStudy.csproj", "{9613813D-10F9-4535-AA04-1B97907EDEFE}"
EndProject
Global
	GlobalSection(SolutionConfigurationPlatforms) = preSolution
		Debug|Any CPU = Debug|Any CPU
		Release|Any CPU = Release|Any CPU
	EndGlobalSection
	GlobalSection(ProjectConfigurationPlatforms) = postSolution
		{9613813D-10F9-4535-AA04-1B97907EDEFE}.Debug|Any CPU.ActiveCfg = Debug|Any CPU
		{9613813D-10F9-4535-AA04-1B97907EDEFE}.Debug|Any CPU.Build.0 = Debug|Any CPU
		{9613813D-10F9-4535-AA04-1B97907EDEFE}.Release|Any CPU.ActiveCfg = Release|Any CPU
		{9613813D-10F9-4535-AA04-1B97907EDEFE}.Release|Any CPU.Build.0 = Release|Any CPU
	EndGlobalSection
	GlobalSection(SolutionProperties) = preSolution
		HideSolutionNode = FALSE
	EndGlobalSection
	GlobalSection(ExtensibilityGlobals) = postSolution
		SolutionGuid = {BF615244-8674-4D76-B424-65A1B19227ED}
	EndGlobalSection
EndGlobal
